
Microsoft Visual Studio Solution File, Format Version 12.00
# Visual Studio 15
VisualStudioVersion = 15.0.27428.2002
MinimumVisualStudioVersion = 10.0.40219.1
Project("{8BC9CEB8-8B4A-11D0-8D11-00A0C91BC942}") = "17_gaussian_blur", "17_gaussian_blur\17_gaussian_blur.vcxproj", "{9822F85A-F71C-4DE8-8803-02BB568D34E1}"
EndProject
Global
	GlobalSection(SolutionConfigurationPlatforms) = preSolution
		Debug|x64 = Debug|x64
		Debug|x86 = Debug|x86
		Release|x64 = Release|x64
		Release|x86 = Release|x86
	EndGlobalSection
	GlobalSection(ProjectConfigurationPlatforms) = postSolution
		{9822F85A-F71C-4DE8-8803-02BB568D34E1}.Debug|x64.ActiveCfg = Debug|x64
		{9822F85A-F71C-4DE8-8803-02BB568D34E1}.Debug|x64.Build.0 = Debug|x64
		{9822F85A-F71C-4DE8-8803-02BB568D34E1}.Debug|x86.ActiveCfg = Debug|Win32
		{9822F85A-F71C-4DE8-8803-02BB568D34E1}.Debug|x86.Build.0 = Debug|Win32
		{9822F85A-F71C-4DE8-8803-02BB568D34E1}.Release|x64.ActiveCfg = Release|x64
		{9822F85A-F71C-4DE8-8803-02BB568D34E1}.Release|x64.Build.0 = Release|x64
		{9822F85A-F71C-4DE8-8803-02BB568D34E1}.Release|x86.ActiveCfg = Release|Win32
		{9822F85A-F71C-4DE8-8803-02BB568D34E1}.Release|x86.Build.0 = Release|Win32
	EndGlobalSection
	GlobalSection(SolutionProperties) = preSolution
		HideSolutionNode = FALSE
	EndGlobalSection
	GlobalSection(ExtensibilityGlobals) = postSolution
		SolutionGuid = {25A63FAE-4B24-4D8E-8F54-BE894A0EEF2F}
	EndGlobalSection
EndGlobal
